{
  "name": "jbox-es6-demo",
  "version": "0.0.1",
  "lockfileVersion": 2,
  "requires": true,
  "packages": {
    "": {
      "name": "jbox-es6-demo",
      "version": "0.0.1",
      "license": "ISC",
      "dependencies": {
        "jbox": "^1.2.2"
      },
      "devDependencies": {
        "snowpack": "^3.0.11"
      }
    },
    "node_modules/esbuild": {
      "version": "0.8.46",
      "dev": true,
      "hasInstallScript": true,
      "license": "MIT",
      "bin": {
        "esbuild": "bin/esbuild"
      }
    },
    "node_modules/fsevents": {
      "version": "2.3.2",
      "dev": true,
      "license": "MIT",
      "optional": true,
      "os": [
        "darwin"
      ],
      "engines": {
        "node": "^8.16.0 || ^10.6.0 || >=11.0.0"
      }
    },
    "node_modules/is-docker": {
      "version": "2.1.1",
      "dev": true,
      "license": "MIT",
      "bin": {
        "is-docker": "cli.js"
      },
      "engines": {
        "node": ">=8"
      },
      "funding": {
        "url": "https://github.com/sponsors/sindresorhus"
      }
    },
    "node_modules/is-wsl": {
      "version": "2.2.0",
      "dev": true,
      "license": "MIT",
      "dependencies": {
        "is-docker": "^2.0.0"
      },
      "engines": {
        "node": ">=8"
      }
    },
    "node_modules/jbox": {
      "version": "1.2.3",
      "resolved": "https://registry.npmjs.org/jbox/-/jbox-1.2.3.tgz",
      "integrity": "sha512-LAwUfJPFv4aGVYzVYvJIMb2a+17aolFwjgIMQ/sK8ZMTO4NNMVmCT+mH1EzrJxlcn5q+9/whgpMwRKNrn3ZcUw==",
      "dependencies": {
        "jquery": "^3.5.1"
      }
    },
    "node_modules/jquery": {
      "version": "3.5.1",
      "resolved": "https://registry.npmjs.org/jquery/-/jquery-3.5.1.tgz",
      "integrity": "sha512-XwIBPqcMn57FxfT+Go5pzySnm4KWkT1Tv7gjrpT1srtf8Weynl6R273VJ5GjkRb51IzMp5nbaPjJXMWeju2MKg=="
    },
    "node_modules/open": {
      "version": "7.4.1",
      "dev": true,
      "license": "MIT",
      "dependencies": {
        "is-docker": "^2.0.0",
        "is-wsl": "^2.1.1"
      },
      "engines": {
        "node": ">=8"
      },
      "funding": {
        "url": "https://github.com/sponsors/sindresorhus"
      }
    },
    "node_modules/rollup": {
      "version": "2.39.0",
      "dev": true,
      "license": "MIT",
      "dependencies": {
        "fsevents": "~2.3.1"
      },
      "bin": {
        "rollup": "dist/bin/rollup"
      },
      "engines": {
        "node": ">=10.0.0"
      },
      "optionalDependencies": {
        "fsevents": "~2.3.1"
      }
    },
    "node_modules/snowpack": {
      "version": "3.0.11",
      "dev": true,
      "license": "MIT",
      "dependencies": {
        "esbuild": "^0.8.7",
        "fsevents": "^2.2.0",
        "open": "^7.0.4",
        "rollup": "^2.34.0"
      },
      "bin": {
        "snowpack": "index.bin.js",
        "sp": "index.bin.js"
      },
      "engines": {
        "node": ">=10.19.0"
      },
      "optionalDependencies": {
        "fsevents": "^2.2.0"
      }
    }
  },
  "dependencies": {
    "esbuild": {
      "version": "0.8.46",
      "dev": true
    },
    "fsevents": {
      "version": "2.3.2",
      "dev": true,
      "optional": true
    },
    "is-docker": {
      "version": "2.1.1",
      "dev": true
    },
    "is-wsl": {
      "version": "2.2.0",
      "dev": true,
      "requires": {
        "is-docker": "^2.0.0"
      }
    },
    "jbox": {
      "version": "1.2.3",
      "resolved": "https://registry.npmjs.org/jbox/-/jbox-1.2.3.tgz",
      "integrity": "sha512-LAwUfJPFv4aGVYzVYvJIMb2a+17aolFwjgIMQ/sK8ZMTO4NNMVmCT+mH1EzrJxlcn5q+9/whgpMwRKNrn3ZcUw==",
      "requires": {
        "jquery": "^3.5.1"
      }
    },
    "jquery": {
      "version": "3.5.1",
      "resolved": "https://registry.npmjs.org/jquery/-/jquery-3.5.1.tgz",
      "integrity": "sha512-XwIBPqcMn57FxfT+Go5pzySnm4KWkT1Tv7gjrpT1srtf8Weynl6R273VJ5GjkRb51IzMp5nbaPjJXMWeju2MKg=="
    },
    "open": {
      "version": "7.4.1",
      "dev": true,
      "requires": {
        "is-docker": "^2.0.0",
        "is-wsl": "^2.1.1"
      }
    },
    "rollup": {
      "version": "2.39.0",
      "dev": true,
      "requires": {
        "fsevents": "~2.3.1"
      }
    },
    "snowpack": {
      "version": "3.0.11",
      "dev": true,
      "requires": {
        "esbuild": "^0.8.7",
        "fsevents": "^2.2.0",
        "open": "^7.0.4",
        "rollup": "^2.34.0"
      }
    }
  }
}
